
Microsoft Visual Studio Solution File, Format Version 12.00
# Visual Studio Version 16
VisualStudioVersion = 16.0.29806.167
MinimumVisualStudioVersion = 10.0.40219.1
Project("{FAE04EC0-301F-11D3-BF4B-00C04F79EFBC}") = "Otel Kayıt", "Otel Kayıt\Otel Kayıt.csproj", "{6AC8DAEB-0F67-4451-81CE-F64F627561D6}"
EndProject
Global
	GlobalSection(SolutionConfigurationPlatforms) = preSolution
		Debug|Any CPU = Debug|Any CPU
		Release|Any CPU = Release|Any CPU
	EndGlobalSection
	GlobalSection(ProjectConfigurationPlatforms) = postSolution
		{6AC8DAEB-0F67-4451-81CE-F64F627561D6}.Debug|Any CPU.ActiveCfg = Debug|Any CPU
		{6AC8DAEB-0F67-4451-81CE-F64F627561D6}.Debug|Any CPU.Build.0 = Debug|Any CPU
		{6AC8DAEB-0F67-4451-81CE-F64F627561D6}.Release|Any CPU.ActiveCfg = Release|Any CPU
		{6AC8DAEB-0F67-4451-81CE-F64F627561D6}.Release|Any CPU.Build.0 = Release|Any CPU
	EndGlobalSection
	GlobalSection(SolutionProperties) = preSolution
		HideSolutionNode = FALSE
	EndGlobalSection
	GlobalSection(ExtensibilityGlobals) = postSolution
		SolutionGuid = {9B212C1C-0FE0-47AD-B49F-199BB7365905}
	EndGlobalSection
EndGlobal
